Microsoft Visual Studio Solution File, Format Version 12.00
# Visual Studio Version 17
VisualStudioVersion = 17.5.2.0
MinimumVisualStudioVersion = 10.0.40219.1
Project("{FAE04EC0-301F-11D3-BF4B-00C04F79EFBC}") = "ApiClientes", "ApiClientes.csproj", "{0FDB7E00-DB92-C0B2-A0F4-AD27FAF8E99F}"
EndProject
Global
	GlobalSection(SolutionConfigurationPlatforms) = preSolution
		Debug|Any CPU = Debug|Any CPU
		Release|Any CPU = Release|Any CPU
	EndGlobalSection
	GlobalSection(ProjectConfigurationPlatforms) = postSolution
		{0FDB7E00-DB92-C0B2-A0F4-AD27FAF8E99F}.Debug|Any CPU.ActiveCfg = Debug|Any CPU
		{0FDB7E00-DB92-C0B2-A0F4-AD27FAF8E99F}.Debug|Any CPU.Build.0 = Debug|Any CPU
		{0FDB7E00-DB92-C0B2-A0F4-AD27FAF8E99F}.Release|Any CPU.ActiveCfg = Release|Any CPU
		{0FDB7E00-DB92-C0B2-A0F4-AD27FAF8E99F}.Release|Any CPU.Build.0 = Release|Any CPU
	EndGlobalSection
	GlobalSection(SolutionProperties) = preSolution
		HideSolutionNode = FALSE
	EndGlobalSection
	GlobalSection(ExtensibilityGlobals) = postSolution
		SolutionGuid = {EE212F30-6065-4227-9E19-E6D6069D2D78}
	EndGlobalSection
EndGlobal
